
Microsoft Visual Studio Solution File, Format Version 12.00
Project("{2150E333-8FDC-42A3-9474-1A3956D46DE8}") = "Ordering", "Ordering", "{1F5EB886-6A7C-4988-A567-C6690729A94D}"
EndProject
Project("{2150E333-8FDC-42A3-9474-1A3956D46DE8}") = "Libs", "Libs", "{F8977D3A-45CC-4DA4-B782-E15B8DFCAE32}"
EndProject
Project("{2150E333-8FDC-42A3-9474-1A3956D46DE8}") = "Notification", "Notification", "{5B5BA4BA-F471-4B44-A676-D01D341935F7}"
EndProject
Project("{2150E333-8FDC-42A3-9474-1A3956D46DE8}") = "Libs", "Libs", "{C2B48788-F39A-4F96-81F2-BA094F576360}"
EndProject
Project("{FAE04EC0-301F-11D3-BF4B-00C04F79EFBC}") = "Notification.Api", "Services\Notification\Notification.Api\Notification.Api.csproj", "{524D6B2A-CA6F-45DC-B242-112325A716B2}"
EndProject
Project("{F2A71F9B-5D33-465A-A702-920D77279786}") = "Notification.Domain", "Services\Notification\Notification.Domain\Notification.Domain.fsproj", "{DB0B0887-3661-4C24-8409-1F8F2D7B23C3}"
EndProject
Project("{FAE04EC0-301F-11D3-BF4B-00C04F79EFBC}") = "Notification.EmailSender", "Services\Notification\Notification.EmailSender\Notification.EmailSender.csproj", "{F6B9A5F2-F559-42C9-BDBD-AD8360A289FD}"
EndProject
Project("{FAE04EC0-301F-11D3-BF4B-00C04F79EFBC}") = "Notification.KeyVault", "Services\Notification\Notification.KeyVault\Notification.KeyVault.csproj", "{FA6B95E3-CD64-4200-B5D5-D7FB4E7383EB}"
EndProject
Global
	GlobalSection(SolutionConfigurationPlatforms) = preSolution
		Debug|Any CPU = Debug|Any CPU
		Release|Any CPU = Release|Any CPU
	EndGlobalSection
	GlobalSection(ProjectConfigurationPlatforms) = postSolution
		{524D6B2A-CA6F-45DC-B242-112325A716B2}.Debug|Any CPU.ActiveCfg = Debug|Any CPU
		{524D6B2A-CA6F-45DC-B242-112325A716B2}.Debug|Any CPU.Build.0 = Debug|Any CPU
		{524D6B2A-CA6F-45DC-B242-112325A716B2}.Release|Any CPU.ActiveCfg = Release|Any CPU
		{524D6B2A-CA6F-45DC-B242-112325A716B2}.Release|Any CPU.Build.0 = Release|Any CPU
		{DB0B0887-3661-4C24-8409-1F8F2D7B23C3}.Debug|Any CPU.ActiveCfg = Debug|Any CPU
		{DB0B0887-3661-4C24-8409-1F8F2D7B23C3}.Debug|Any CPU.Build.0 = Debug|Any CPU
		{DB0B0887-3661-4C24-8409-1F8F2D7B23C3}.Release|Any CPU.ActiveCfg = Release|Any CPU
		{DB0B0887-3661-4C24-8409-1F8F2D7B23C3}.Release|Any CPU.Build.0 = Release|Any CPU
		{F6B9A5F2-F559-42C9-BDBD-AD8360A289FD}.Debug|Any CPU.ActiveCfg = Debug|Any CPU
		{F6B9A5F2-F559-42C9-BDBD-AD8360A289FD}.Debug|Any CPU.Build.0 = Debug|Any CPU
		{F6B9A5F2-F559-42C9-BDBD-AD8360A289FD}.Release|Any CPU.ActiveCfg = Release|Any CPU
		{F6B9A5F2-F559-42C9-BDBD-AD8360A289FD}.Release|Any CPU.Build.0 = Release|Any CPU
		{FA6B95E3-CD64-4200-B5D5-D7FB4E7383EB}.Debug|Any CPU.ActiveCfg = Debug|Any CPU
		{FA6B95E3-CD64-4200-B5D5-D7FB4E7383EB}.Debug|Any CPU.Build.0 = Debug|Any CPU
		{FA6B95E3-CD64-4200-B5D5-D7FB4E7383EB}.Release|Any CPU.ActiveCfg = Release|Any CPU
		{FA6B95E3-CD64-4200-B5D5-D7FB4E7383EB}.Release|Any CPU.Build.0 = Release|Any CPU
	EndGlobalSection
	GlobalSection(NestedProjects) = preSolution
		{F8977D3A-45CC-4DA4-B782-E15B8DFCAE32} = {1F5EB886-6A7C-4988-A567-C6690729A94D}
		{C2B48788-F39A-4F96-81F2-BA094F576360} = {5B5BA4BA-F471-4B44-A676-D01D341935F7}
		{524D6B2A-CA6F-45DC-B242-112325A716B2} = {5B5BA4BA-F471-4B44-A676-D01D341935F7}
		{DB0B0887-3661-4C24-8409-1F8F2D7B23C3} = {C2B48788-F39A-4F96-81F2-BA094F576360}
		{F6B9A5F2-F559-42C9-BDBD-AD8360A289FD} = {C2B48788-F39A-4F96-81F2-BA094F576360}
		{FA6B95E3-CD64-4200-B5D5-D7FB4E7383EB} = {C2B48788-F39A-4F96-81F2-BA094F576360}
	EndGlobalSection
EndGlobal
